
Microsoft Visual Studio Solution File, Format Version 12.00
# Visual Studio 14
VisualStudioVersion = 14.0.24720.0
MinimumVisualStudioVersion = 10.0.40219.1
Project("{FAE04EC0-301F-11D3-BF4B-00C04F79EFBC}") = "MVCInvoiceMaster", "MVCInvoiceMaster\MVCInvoiceMaster.csproj", "{0E55D2B4-DD47-4FED-9A12-DD0DC29BC35F}"
EndProject
Project("{FAE04EC0-301F-11D3-BF4B-00C04F79EFBC}") = "InvoiceDBPersistence", "InvoiceDBPersistence\InvoiceDBPersistence.csproj", "{6BDFA373-BD68-487A-8A84-DB69F4C4FA61}"
EndProject
Project("{FAE04EC0-301F-11D3-BF4B-00C04F79EFBC}") = "WebAPIRegistration", "WebAPIRegistration\WebAPIRegistration.csproj", "{C7676B24-E140-43C7-843E-96EDF1C6856D}"
EndProject
Global
	GlobalSection(SolutionConfigurationPlatforms) = preSolution
		Debug|Any CPU = Debug|Any CPU
		Release|Any CPU = Release|Any CPU
	EndGlobalSection
	GlobalSection(ProjectConfigurationPlatforms) = postSolution
		{0E55D2B4-DD47-4FED-9A12-DD0DC29BC35F}.Debug|Any CPU.ActiveCfg = Debug|Any CPU
		{0E55D2B4-DD47-4FED-9A12-DD0DC29BC35F}.Debug|Any CPU.Build.0 = Debug|Any CPU
		{0E55D2B4-DD47-4FED-9A12-DD0DC29BC35F}.Release|Any CPU.ActiveCfg = Release|Any CPU
		{0E55D2B4-DD47-4FED-9A12-DD0DC29BC35F}.Release|Any CPU.Build.0 = Release|Any CPU
		{6BDFA373-BD68-487A-8A84-DB69F4C4FA61}.Debug|Any CPU.ActiveCfg = Debug|Any CPU
		{6BDFA373-BD68-487A-8A84-DB69F4C4FA61}.Debug|Any CPU.Build.0 = Debug|Any CPU
		{6BDFA373-BD68-487A-8A84-DB69F4C4FA61}.Release|Any CPU.ActiveCfg = Release|Any CPU
		{6BDFA373-BD68-487A-8A84-DB69F4C4FA61}.Release|Any CPU.Build.0 = Release|Any CPU
		{C7676B24-E140-43C7-843E-96EDF1C6856D}.Debug|Any CPU.ActiveCfg = Debug|Any CPU
		{C7676B24-E140-43C7-843E-96EDF1C6856D}.Debug|Any CPU.Build.0 = Debug|Any CPU
		{C7676B24-E140-43C7-843E-96EDF1C6856D}.Release|Any CPU.ActiveCfg = Release|Any CPU
		{C7676B24-E140-43C7-843E-96EDF1C6856D}.Release|Any CPU.Build.0 = Release|Any CPU
	EndGlobalSection
	GlobalSection(SolutionProperties) = preSolution
		HideSolutionNode = FALSE
	EndGlobalSection
EndGlobal
